<?xml version="1.0" encoding="UTF-8"?>
<Project ToolsVersion="14.0" xmlns="http://schemas.microsoft.com/developer/msbuild/2003">
  <ItemGroup>
    <ClCompile Include="D:\GMT\Game Physics\INFOMGP-Practical1\libigl\external\imgui\imgui.cpp">
      <Filter>Source Files</Filter>
    </ClCompile>
    <ClCompile Include="D:\GMT\Game Physics\INFOMGP-Practical1\libigl\external\imgui\imgui_demo.cpp">
      <Filter>Source Files</Filter>
    </ClCompile>
    <ClCompile Include="D:\GMT\Game Physics\INFOMGP-Practical1\libigl\external\imgui\imgui_draw.cpp">
      <Filter>Source Files</Filter>
    </ClCompile>
    <ClCompile Include="D:\GMT\Game Physics\INFOMGP-Practical1\libigl\external\imgui\examples\imgui_impl_glfw.cpp">
      <Filter>Source Files</Filter>
    </ClCompile>
    <ClCompile Include="D:\GMT\Game Physics\INFOMGP-Practical1\libigl\external\libigl-imgui\imgui_impl_opengl3.cpp">
      <Filter>Source Files</Filter>
    </ClCompile>
  </ItemGroup>
  <ItemGroup>
    <CustomBuild Include="D:\GMT\Game Physics\INFOMGP-Practical1\libigl\external\libigl-imgui\CMakeLists.txt" />
  </ItemGroup>
  <ItemGroup>
    <Filter Include="Source Files">
      <UniqueIdentifier>{C2873767-CD97-375C-932D-DD33A6D34915}</UniqueIdentifier>
    </Filter>
  </ItemGroup>
</Project>
